%{"bunt": {:hex, :bunt, "0.2.0", "951c6e801e8b1d2cbe58ebbd3e616a869061ddadcc4863d0a2182541acae9a38", [:mix], []},
  "credo": {:hex, :credo, "0.8.2", "aa410c8f27c5fab00cab24f8477782bde9100b73d31debdce46625f097cc0e32", [:mix], [{:bunt, "~> 0.2.0", [hex: :bunt, optional: false]}]},
  "earmark": {:hex, :earmark, "1.0.3", "89bdbaf2aca8bbb5c97d8b3b55c5dd0cff517ecc78d417e87f1d0982e514557b", [:mix], []},
  "ex_doc": {:hex, :ex_doc, "0.14.5", "c0433c8117e948404d93ca69411dd575ec6be39b47802e81ca8d91017a0cf83c", [:mix], [{:earmark, "~> 1.0", [hex: :earmark, optional: false]}]},
  "xml_builder": {:hex, :xml_builder, "0.1.1", "61bbde1bc2eb1c3ae11cc3e45a2a106230a138bc8bf9df37f09ffa804f395c33", [:mix], []}}
